
Microsoft Visual Studio Solution File, Format Version 12.00
# Visual Studio Version 17
VisualStudioVersion = 17.9.34723.18
MinimumVisualStudioVersion = 10.0.40219.1
Project("{FAE04EC0-301F-11D3-BF4B-00C04F79EFBC}") = "sum of left leaves", "sum of left leaves\sum of left leaves.csproj", "{9E4A79C5-4130-4471-8105-4C5CBB5A742F}"
EndProject
Global
	GlobalSection(SolutionConfigurationPlatforms) = preSolution
		Debug|Any CPU = Debug|Any CPU
		Release|Any CPU = Release|Any CPU
	EndGlobalSection
	GlobalSection(ProjectConfigurationPlatforms) = postSolution
		{9E4A79C5-4130-4471-8105-4C5CBB5A742F}.Debug|Any CPU.ActiveCfg = Debug|Any CPU
		{9E4A79C5-4130-4471-8105-4C5CBB5A742F}.Debug|Any CPU.Build.0 = Debug|Any CPU
		{9E4A79C5-4130-4471-8105-4C5CBB5A742F}.Release|Any CPU.ActiveCfg = Release|Any CPU
		{9E4A79C5-4130-4471-8105-4C5CBB5A742F}.Release|Any CPU.Build.0 = Release|Any CPU
	EndGlobalSection
	GlobalSection(SolutionProperties) = preSolution
		HideSolutionNode = FALSE
	EndGlobalSection
	GlobalSection(ExtensibilityGlobals) = postSolution
		SolutionGuid = {CE3EC9CB-BDF3-4F27-9D7B-00F53309E472}
	EndGlobalSection
EndGlobal
